
Microsoft Visual Studio Solution File, Format Version 12.00
# Visual Studio Version 17
VisualStudioVersion = 17.10.35122.118
MinimumVisualStudioVersion = 10.0.40219.1
Project("{FAE04EC0-301F-11D3-BF4B-00C04F79EFBC}") = "EventPlanningApp.Server", "EventPlanningApp.Server\EventPlanningApp.Server.csproj", "{8766B289-E7DC-4050-8782-34D07DFA3B63}"
EndProject
Project("{54A90642-561A-4BB1-A94E-469ADEE60C69}") = "eventplanningapp.client", "eventplanningapp.client\eventplanningapp.client.esproj", "{537DE7B0-C05F-41B0-8FA5-27CC9B25FA1D}"
EndProject
Global
	GlobalSection(SolutionConfigurationPlatforms) = preSolution
		Debug|Any CPU = Debug|Any CPU
		Release|Any CPU = Release|Any CPU
	EndGlobalSection
	GlobalSection(ProjectConfigurationPlatforms) = postSolution
		{8766B289-E7DC-4050-8782-34D07DFA3B63}.Debug|Any CPU.ActiveCfg = Debug|Any CPU
		{8766B289-E7DC-4050-8782-34D07DFA3B63}.Debug|Any CPU.Build.0 = Debug|Any CPU
		{8766B289-E7DC-4050-8782-34D07DFA3B63}.Release|Any CPU.ActiveCfg = Release|Any CPU
		{8766B289-E7DC-4050-8782-34D07DFA3B63}.Release|Any CPU.Build.0 = Release|Any CPU
		{537DE7B0-C05F-41B0-8FA5-27CC9B25FA1D}.Debug|Any CPU.ActiveCfg = Debug|Any CPU
		{537DE7B0-C05F-41B0-8FA5-27CC9B25FA1D}.Debug|Any CPU.Build.0 = Debug|Any CPU
		{537DE7B0-C05F-41B0-8FA5-27CC9B25FA1D}.Debug|Any CPU.Deploy.0 = Debug|Any CPU
		{537DE7B0-C05F-41B0-8FA5-27CC9B25FA1D}.Release|Any CPU.ActiveCfg = Release|Any CPU
		{537DE7B0-C05F-41B0-8FA5-27CC9B25FA1D}.Release|Any CPU.Build.0 = Release|Any CPU
		{537DE7B0-C05F-41B0-8FA5-27CC9B25FA1D}.Release|Any CPU.Deploy.0 = Release|Any CPU
	EndGlobalSection
	GlobalSection(SolutionProperties) = preSolution
		HideSolutionNode = FALSE
	EndGlobalSection
	GlobalSection(ExtensibilityGlobals) = postSolution
		SolutionGuid = {32F61C14-16C9-4342-B6B0-E23D98A9FC72}
	EndGlobalSection
EndGlobal
